
Microsoft Visual Studio Solution File, Format Version 12.00
# Visual Studio 2013
VisualStudioVersion = 12.0.31101.0
MinimumVisualStudioVersion = 10.0.40219.1
Project("{FAE04EC0-301F-11D3-BF4B-00C04F79EFBC}") = "InvestorsAssist.Configuration", "InvestorsAssist.Configuration\InvestorsAssist.Configuration.csproj", "{71842BE3-4E6B-4413-AB52-39070D332001}"
EndProject
Project("{FAE04EC0-301F-11D3-BF4B-00C04F79EFBC}") = "InvestorsAssist.Utility", "InvestorsAssist.Utility\InvestorsAssist.Utility.csproj", "{F1AE77CA-F835-4309-BBC9-10AFC5AD5BE6}"
EndProject
Project("{FAE04EC0-301F-11D3-BF4B-00C04F79EFBC}") = "InvestorsAssist.Configuration.Test", "InvestorsAssist.Configuration.Test\InvestorsAssist.Configuration.Test.csproj", "{29F9A983-159F-4F02-9CFE-6327DABDFDA3}"
EndProject
Project("{FAE04EC0-301F-11D3-BF4B-00C04F79EFBC}") = "InvestorsAssist.Entities", "InvestorsAssist.Entities\InvestorsAssist.Entities.csproj", "{D6746DC5-F71D-476D-8C9E-7D35F6423A36}"
EndProject
Project("{FAE04EC0-301F-11D3-BF4B-00C04F79EFBC}") = "InvestorsAssist.Core", "InvestorsAssist.Core\InvestorsAssist.Core.csproj", "{4F1EFD72-E963-4370-B51A-68D240546A02}"
EndProject
Project("{FAE04EC0-301F-11D3-BF4B-00C04F79EFBC}") = "InvestorsAssist.Core.Test", "InvestorsAssist.Core.Test\InvestorsAssist.Core.Test.csproj", "{B5048DE4-AE6A-4665-8705-1035CBA960B3}"
EndProject
Project("{FAE04EC0-301F-11D3-BF4B-00C04F79EFBC}") = "InvestorsAssist.Utility.Test", "InvestorsAssist.Utility.Test\InvestorsAssist.Utility.Test.csproj", "{8E40E4B4-1EB0-446F-A524-0EE2DA0171D5}"
EndProject
Project("{FAE04EC0-301F-11D3-BF4B-00C04F79EFBC}") = "InvestorsAssist.DataAccess", "InvestorsAssist.DataAccess\InvestorsAssist.DataAccess.csproj", "{573D2AC0-0725-442C-810B-0024E4181011}"
EndProject
Project("{FAE04EC0-301F-11D3-BF4B-00C04F79EFBC}") = "InvestorsAssist.DataAccess.Test", "InvestorsAssist.DataAccess.Test\InvestorsAssist.DataAccess.Test.csproj", "{A12762B8-CD16-483A-ABA4-B93553377260}"
EndProject
Project("{FAE04EC0-301F-11D3-BF4B-00C04F79EFBC}") = "InvestorsAssist._Execute", "InvestorsAssist.Execute\InvestorsAssist._Execute.csproj", "{2F7E2B94-14E8-4755-AE0B-4E2CBACE1DBF}"
EndProject
Project("{FAE04EC0-301F-11D3-BF4B-00C04F79EFBC}") = "InvestorsAssist.Algorithm", "InvestorsAssist.Algorithm\InvestorsAssist.Algorithm.csproj", "{D6D302A3-579F-47E2-98D0-BB36D6A68853}"
EndProject
Project("{FAE04EC0-301F-11D3-BF4B-00C04F79EFBC}") = "InvestorsAssist.Algorithm.Test", "InvestorsAssist.Algorithm.Test\InvestorsAssist.Algorithm.Test.csproj", "{4FD0FBA9-1F27-499C-9149-FF7F91FB7D8D}"
EndProject
Global
	GlobalSection(SolutionConfigurationPlatforms) = preSolution
		Debug|Any CPU = Debug|Any CPU
		Release|Any CPU = Release|Any CPU
	EndGlobalSection
	GlobalSection(ProjectConfigurationPlatforms) = postSolution
		{71842BE3-4E6B-4413-AB52-39070D332001}.Debug|Any CPU.ActiveCfg = Debug|Any CPU
		{71842BE3-4E6B-4413-AB52-39070D332001}.Debug|Any CPU.Build.0 = Debug|Any CPU
		{71842BE3-4E6B-4413-AB52-39070D332001}.Release|Any CPU.ActiveCfg = Release|Any CPU
		{71842BE3-4E6B-4413-AB52-39070D332001}.Release|Any CPU.Build.0 = Release|Any CPU
		{F1AE77CA-F835-4309-BBC9-10AFC5AD5BE6}.Debug|Any CPU.ActiveCfg = Debug|Any CPU
		{F1AE77CA-F835-4309-BBC9-10AFC5AD5BE6}.Debug|Any CPU.Build.0 = Debug|Any CPU
		{F1AE77CA-F835-4309-BBC9-10AFC5AD5BE6}.Release|Any CPU.ActiveCfg = Release|Any CPU
		{F1AE77CA-F835-4309-BBC9-10AFC5AD5BE6}.Release|Any CPU.Build.0 = Release|Any CPU
		{29F9A983-159F-4F02-9CFE-6327DABDFDA3}.Debug|Any CPU.ActiveCfg = Debug|Any CPU
		{29F9A983-159F-4F02-9CFE-6327DABDFDA3}.Debug|Any CPU.Build.0 = Debug|Any CPU
		{29F9A983-159F-4F02-9CFE-6327DABDFDA3}.Release|Any CPU.ActiveCfg = Release|Any CPU
		{29F9A983-159F-4F02-9CFE-6327DABDFDA3}.Release|Any CPU.Build.0 = Release|Any CPU
		{D6746DC5-F71D-476D-8C9E-7D35F6423A36}.Debug|Any CPU.ActiveCfg = Debug|Any CPU
		{D6746DC5-F71D-476D-8C9E-7D35F6423A36}.Debug|Any CPU.Build.0 = Debug|Any CPU
		{D6746DC5-F71D-476D-8C9E-7D35F6423A36}.Release|Any CPU.ActiveCfg = Release|Any CPU
		{D6746DC5-F71D-476D-8C9E-7D35F6423A36}.Release|Any CPU.Build.0 = Release|Any CPU
		{4F1EFD72-E963-4370-B51A-68D240546A02}.Debug|Any CPU.ActiveCfg = Debug|Any CPU
		{4F1EFD72-E963-4370-B51A-68D240546A02}.Debug|Any CPU.Build.0 = Debug|Any CPU
		{4F1EFD72-E963-4370-B51A-68D240546A02}.Release|Any CPU.ActiveCfg = Release|Any CPU
		{4F1EFD72-E963-4370-B51A-68D240546A02}.Release|Any CPU.Build.0 = Release|Any CPU
		{B5048DE4-AE6A-4665-8705-1035CBA960B3}.Debug|Any CPU.ActiveCfg = Debug|Any CPU
		{B5048DE4-AE6A-4665-8705-1035CBA960B3}.Debug|Any CPU.Build.0 = Debug|Any CPU
		{B5048DE4-AE6A-4665-8705-1035CBA960B3}.Release|Any CPU.ActiveCfg = Release|Any CPU
		{B5048DE4-AE6A-4665-8705-1035CBA960B3}.Release|Any CPU.Build.0 = Release|Any CPU
		{8E40E4B4-1EB0-446F-A524-0EE2DA0171D5}.Debug|Any CPU.ActiveCfg = Debug|Any CPU
		{8E40E4B4-1EB0-446F-A524-0EE2DA0171D5}.Debug|Any CPU.Build.0 = Debug|Any CPU
		{8E40E4B4-1EB0-446F-A524-0EE2DA0171D5}.Release|Any CPU.ActiveCfg = Release|Any CPU
		{8E40E4B4-1EB0-446F-A524-0EE2DA0171D5}.Release|Any CPU.Build.0 = Release|Any CPU
		{573D2AC0-0725-442C-810B-0024E4181011}.Debug|Any CPU.ActiveCfg = Debug|Any CPU
		{573D2AC0-0725-442C-810B-0024E4181011}.Debug|Any CPU.Build.0 = Debug|Any CPU
		{573D2AC0-0725-442C-810B-0024E4181011}.Release|Any CPU.ActiveCfg = Release|Any CPU
		{573D2AC0-0725-442C-810B-0024E4181011}.Release|Any CPU.Build.0 = Release|Any CPU
		{A12762B8-CD16-483A-ABA4-B93553377260}.Debug|Any CPU.ActiveCfg = Debug|Any CPU
		{A12762B8-CD16-483A-ABA4-B93553377260}.Debug|Any CPU.Build.0 = Debug|Any CPU
		{A12762B8-CD16-483A-ABA4-B93553377260}.Release|Any CPU.ActiveCfg = Release|Any CPU
		{A12762B8-CD16-483A-ABA4-B93553377260}.Release|Any CPU.Build.0 = Release|Any CPU
		{2F7E2B94-14E8-4755-AE0B-4E2CBACE1DBF}.Debug|Any CPU.ActiveCfg = Debug|Any CPU
		{2F7E2B94-14E8-4755-AE0B-4E2CBACE1DBF}.Debug|Any CPU.Build.0 = Debug|Any CPU
		{2F7E2B94-14E8-4755-AE0B-4E2CBACE1DBF}.Release|Any CPU.ActiveCfg = Release|Any CPU
		{2F7E2B94-14E8-4755-AE0B-4E2CBACE1DBF}.Release|Any CPU.Build.0 = Release|Any CPU
		{D6D302A3-579F-47E2-98D0-BB36D6A68853}.Debug|Any CPU.ActiveCfg = Debug|Any CPU
		{D6D302A3-579F-47E2-98D0-BB36D6A68853}.Debug|Any CPU.Build.0 = Debug|Any CPU
		{D6D302A3-579F-47E2-98D0-BB36D6A68853}.Release|Any CPU.ActiveCfg = Release|Any CPU
		{D6D302A3-579F-47E2-98D0-BB36D6A68853}.Release|Any CPU.Build.0 = Release|Any CPU
		{4FD0FBA9-1F27-499C-9149-FF7F91FB7D8D}.Debug|Any CPU.ActiveCfg = Debug|Any CPU
		{4FD0FBA9-1F27-499C-9149-FF7F91FB7D8D}.Debug|Any CPU.Build.0 = Debug|Any CPU
		{4FD0FBA9-1F27-499C-9149-FF7F91FB7D8D}.Release|Any CPU.ActiveCfg = Release|Any CPU
		{4FD0FBA9-1F27-499C-9149-FF7F91FB7D8D}.Release|Any CPU.Build.0 = Release|Any CPU
	EndGlobalSection
	GlobalSection(SolutionProperties) = preSolution
		HideSolutionNode = FALSE
	EndGlobalSection
EndGlobal
